
Microsoft Visual Studio Solution File, Format Version 12.00
# Visual Studio Version 16
VisualStudioVersion = 16.0.31019.35
MinimumVisualStudioVersion = 10.0.40219.1
Project("{FAE04EC0-301F-11D3-BF4B-00C04F79EFBC}") = "LittlePaint", "LittlePaint\LittlePaint.csproj", "{56B77591-7710-4066-81C3-C5F4C58E58F0}"
EndProject
Global
	GlobalSection(SolutionConfigurationPlatforms) = preSolution
		Debug|Any CPU = Debug|Any CPU
		Release|Any CPU = Release|Any CPU
	EndGlobalSection
	GlobalSection(ProjectConfigurationPlatforms) = postSolution
		{56B77591-7710-4066-81C3-C5F4C58E58F0}.Debug|Any CPU.ActiveCfg = Debug|Any CPU
		{56B77591-7710-4066-81C3-C5F4C58E58F0}.Debug|Any CPU.Build.0 = Debug|Any CPU
		{56B77591-7710-4066-81C3-C5F4C58E58F0}.Release|Any CPU.ActiveCfg = Release|Any CPU
		{56B77591-7710-4066-81C3-C5F4C58E58F0}.Release|Any CPU.Build.0 = Release|Any CPU
	EndGlobalSection
	GlobalSection(SolutionProperties) = preSolution
		HideSolutionNode = FALSE
	EndGlobalSection
	GlobalSection(ExtensibilityGlobals) = postSolution
		SolutionGuid = {54669CC5-BD9A-4825-99A9-F91329395840}
	EndGlobalSection
EndGlobal
